// !$*UTF8*$!
{
	archiveVersion = 1;
	classes = {
	};
	objectVersion = 46;
	objects = {

/* Begin PBXBuildFile section */
		2C0CD0DE162CD3D9001010E1 /* Cocoa.framework in Frameworks */ = {isa = PBXBuildFile; fileRef = 2C0CD0DD162CD3D9001010E1 /* Cocoa.framework */; };
		2C0CD0E8162CD3D9001010E1 /* InfoPlist.strings in Resources */ = {isa = PBXBuildFile; fileRef = 2C0CD0E6162CD3D9001010E1 /* InfoPlist.strings */; };
		2C0CD0EA162CD3D9001010E1 /* main.m in Sources */ = {isa = PBXBuildFile; fileRef = 2C0CD0E9162CD3D9001010E1 /* main.m */; };
		2C0CD0EE162CD3D9001010E1 /* Credits.rtf in Resources */ = {isa = PBXBuildFile; fileRef = 2C0CD0EC162CD3D9001010E1 /* Credits.rtf */; };
		2C0CD0F1162CD3D9001010E1 /* AppDelegate.mm in Sources */ = {isa = PBXBuildFile; fileRef = 2C0CD0F0162CD3D9001010E1 /* AppDelegate.mm */; };
		2C0CD0F4162CD3D9001010E1 /* MainMenu.xib in Resources */ = {isa = PBXBuildFile; fileRef = 2C0CD0F2162CD3D9001010E1 /* MainMenu.xib */; };
		2C0CD0FC162CD3D9001010E1 /* SenTestingKit.framework in Frameworks */ = {isa = PBXBuildFile; fileRef = 2C0CD0FB162CD3D9001010E1 /* SenTestingKit.framework */; };
		2C0CD0FD162CD3D9001010E1 /* Cocoa.framework in Frameworks */ = {isa = PBXBuildFile; fileRef = 2C0CD0DD162CD3D9001010E1 /* Cocoa.framework */; };
		2C0CD105162CD3D9001010E1 /* InfoPlist.strings in Resources */ = {isa = PBXBuildFile; fileRef = 2C0CD103162CD3D9001010E1 /* InfoPlist.strings */; };
		2C0CD108162CD3D9001010E1 /* SplitsTests.m in Sources */ = {isa = PBXBuildFile; fileRef = 2C0CD107162CD3D9001010E1 /* SplitsTests.m */; };
		2C435667162FAE380036B4AE /* Browser.mm in Sources */ = {isa = PBXBuildFile; fileRef = 2C435665162FAE380036B4AE /* Browser.mm */; };
		2C649794162CE37E00A0198E /* WebKit.framework in Frameworks */ = {isa = PBXBuildFile; fileRef = 2C649793162CE37E00A0198E /* WebKit.framework */; };
		2C6497AB162CF5B300A0198E /* libSplitsCore.a in Frameworks */ = {isa = PBXBuildFile; fileRef = 2C6497AA162CF5B300A0198E /* libSplitsCore.a */; };
/* End PBXBuildFile section */

/* Begin PBXContainerItemProxy section */
		2C0CD0FE162CD3D9001010E1 /* PBXContainerItemProxy */ = {
			isa = PBXContainerItemProxy;
			containerPortal = 2C0CD0D0162CD3D9001010E1 /* Project object */;
			proxyType = 1;
			remoteGlobalIDString = 2C0CD0D8162CD3D9001010E1;
			remoteInfo = Splits;
		};
/* End PBXContainerItemProxy section */

/* Begin PBXFileReference section */
		2C0CD0D9162CD3D9001010E1 /* Splits.app */ = {isa = PBXFileReference; explicitFileType = wrapper.application; includeInIndex = 0; path = Splits.app; sourceTree = BUILT_PRODUCTS_DIR; };
		2C0CD0DD162CD3D9001010E1 /* Cocoa.framework */ = {isa = PBXFileReference; lastKnownFileType = wrapper.framework; name = Cocoa.framework; path = System/Library/Frameworks/Cocoa.framework; sourceTree = SDKROOT; };
		2C0CD0E0162CD3D9001010E1 /* AppKit.framework */ = {isa = PBXFileReference; lastKnownFileType = wrapper.framework; name = AppKit.framework; path = System/Library/Frameworks/AppKit.framework; sourceTree = SDKROOT; };
		2C0CD0E1162CD3D9001010E1 /* CoreData.framework */ = {isa = PBXFileReference; lastKnownFileType = wrapper.framework; name = CoreData.framework; path = System/Library/Frameworks/CoreData.framework; sourceTree = SDKROOT; };
		2C0CD0E2162CD3D9001010E1 /* Foundation.framework */ = {isa = PBXFileReference; lastKnownFileType = wrapper.framework; name = Foundation.framework; path = System/Library/Frameworks/Foundation.framework; sourceTree = SDKROOT; };
		2C0CD0E5162CD3D9001010E1 /* Splits-Info.plist */ = {isa = PBXFileReference; lastKnownFileType = text.plist.xml; path = "Splits-Info.plist"; sourceTree = "<group>"; };
		2C0CD0E7162CD3D9001010E1 /* en */ = {isa = PBXFileReference; lastKnownFileType = text.plist.strings; name = en; path = en.lproj/InfoPlist.strings; sourceTree = "<group>"; };
		2C0CD0E9162CD3D9001010E1 /* main.m */ = {isa = PBXFileReference; lastKnownFileType = sourcecode.c.objc; path = main.m; sourceTree = "<group>"; };
		2C0CD0EB162CD3D9001010E1 /* Splits-Prefix.pch */ = {isa = PBXFileReference; lastKnownFileType = sourcecode.c.h; path = "Splits-Prefix.pch"; sourceTree = "<group>"; };
		2C0CD0ED162CD3D9001010E1 /* en */ = {isa = PBXFileReference; lastKnownFileType = text.rtf; name = en; path = en.lproj/Credits.rtf; sourceTree = "<group>"; };
		2C0CD0EF162CD3D9001010E1 /* AppDelegate.h */ = {isa = PBXFileReference; lastKnownFileType = sourcecode.c.h; path = AppDelegate.h; sourceTree = "<group>"; };
		2C0CD0F0162CD3D9001010E1 /* AppDelegate.mm */ = {isa = PBXFileReference; lastKnownFileType = sourcecode.cpp.objcpp; path = AppDelegate.mm; sourceTree = "<group>"; };
		2C0CD0F3162CD3D9001010E1 /* en */ = {isa = PBXFileReference; lastKnownFileType = file.xib; name = en; path = en.lproj/MainMenu.xib; sourceTree = "<group>"; };
		2C0CD0FA162CD3D9001010E1 /* SplitsTests.octest */ = {isa = PBXFileReference; explicitFileType = wrapper.cfbundle; includeInIndex = 0; path = SplitsTests.octest; sourceTree = BUILT_PRODUCTS_DIR; };
		2C0CD0FB162CD3D9001010E1 /* SenTestingKit.framework */ = {isa = PBXFileReference; lastKnownFileType = wrapper.framework; name = SenTestingKit.framework; path = Library/Frameworks/SenTestingKit.framework; sourceTree = DEVELOPER_DIR; };
		2C0CD102162CD3D9001010E1 /* SplitsTests-Info.plist */ = {isa = PBXFileReference; lastKnownFileType = text.plist.xml; path = "SplitsTests-Info.plist"; sourceTree = "<group>"; };
		2C0CD104162CD3D9001010E1 /* en */ = {isa = PBXFileReference; lastKnownFileType = text.plist.strings; name = en; path = en.lproj/InfoPlist.strings; sourceTree = "<group>"; };
		2C0CD106162CD3D9001010E1 /* SplitsTests.h */ = {isa = PBXFileReference; lastKnownFileType = sourcecode.c.h; path = SplitsTests.h; sourceTree = "<group>"; };
		2C0CD107162CD3D9001010E1 /* SplitsTests.m */ = {isa = PBXFileReference; lastKnownFileType = sourcecode.c.objc; path = SplitsTests.m; sourceTree = "<group>"; };
		2C435665162FAE380036B4AE /* Browser.mm */ = {isa = PBXFileReference; fileEncoding = 4; lastKnownFileType = sourcecode.cpp.objcpp; path = Browser.mm; sourceTree = "<group>"; };
		2C435666162FAE380036B4AE /* Browser.h */ = {isa = PBXFileReference; fileEncoding = 4; lastKnownFileType = sourcecode.c.h; path = Browser.h; sourceTree = "<group>"; };
		2C649793162CE37E00A0198E /* WebKit.framework */ = {isa = PBXFileReference; lastKnownFileType = wrapper.framework; name = WebKit.framework; path = System/Library/Frameworks/WebKit.framework; sourceTree = SDKROOT; };
		2C6497AA162CF5B300A0198E /* libSplitsCore.a */ = {isa = PBXFileReference; lastKnownFileType = archive.ar; name = libSplitsCore.a; path = "../../../../Library/Developer/Xcode/DerivedData/Splits-hjepgkssfgwfdqfmkdvuxhrahsvs/Build/Products/Debug/libSplitsCore.a"; sourceTree = "<group>"; };
/* End PBXFileReference section */

/* Begin PBXFrameworksBuildPhase section */
		2C0CD0D6162CD3D9001010E1 /* Frameworks */ = {
			isa = PBXFrameworksBuildPhase;
			buildActionMask = 2147483647;
			files = (
				2C6497AB162CF5B300A0198E /* libSplitsCore.a in Frameworks */,
				2C649794162CE37E00A0198E /* WebKit.framework in Frameworks */,
				2C0CD0DE162CD3D9001010E1 /* Cocoa.framework in Frameworks */,
			);
			runOnlyForDeploymentPostprocessing = 0;
		};
		2C0CD0F6162CD3D9001010E1 /* Frameworks */ = {
			isa = PBXFrameworksBuildPhase;
			buildActionMask = 2147483647;
			files = (
				2C0CD0FC162CD3D9001010E1 /* SenTestingKit.framework in Frameworks */,
				2C0CD0FD162CD3D9001010E1 /* Cocoa.framework in Frameworks */,
			);
			runOnlyForDeploymentPostprocessing = 0;
		};
/* End PBXFrameworksBuildPhase section */

/* Begin PBXGroup section */
		2C0CD0CE162CD3D9001010E1 = {
			isa = PBXGroup;
			children = (
				2C6497AA162CF5B300A0198E /* libSplitsCore.a */,
				2C649793162CE37E00A0198E /* WebKit.framework */,
				2C0CD0E3162CD3D9001010E1 /* Splits */,
				2C0CD100162CD3D9001010E1 /* SplitsTests */,
				2C0CD0DC162CD3D9001010E1 /* Frameworks */,
				2C0CD0DA162CD3D9001010E1 /* Products */,
			);
			sourceTree = "<group>";
		};
		2C0CD0DA162CD3D9001010E1 /* Products */ = {
			isa = PBXGroup;
			children = (
				2C0CD0D9162CD3D9001010E1 /* Splits.app */,
				2C0CD0FA162CD3D9001010E1 /* SplitsTests.octest */,
			);
			name = Products;
			sourceTree = "<group>";
		};
		2C0CD0DC162CD3D9001010E1 /* Frameworks */ = {
			isa = PBXGroup;
			children = (
				2C0CD0DD162CD3D9001010E1 /* Cocoa.framework */,
				2C0CD0FB162CD3D9001010E1 /* SenTestingKit.framework */,
				2C0CD0DF162CD3D9001010E1 /* Other Frameworks */,
			);
			name = Frameworks;
			sourceTree = "<group>";
		};
		2C0CD0DF162CD3D9001010E1 /* Other Frameworks */ = {
			isa = PBXGroup;
			children = (
				2C0CD0E0162CD3D9001010E1 /* AppKit.framework */,
				2C0CD0E1162CD3D9001010E1 /* CoreData.framework */,
				2C0CD0E2162CD3D9001010E1 /* Foundation.framework */,
			);
			name = "Other Frameworks";
			sourceTree = "<group>";
		};
		2C0CD0E3162CD3D9001010E1 /* Splits */ = {
			isa = PBXGroup;
			children = (
				2C0CD0EF162CD3D9001010E1 /* AppDelegate.h */,
				2C0CD0F0162CD3D9001010E1 /* AppDelegate.mm */,
				2C0CD0F2162CD3D9001010E1 /* MainMenu.xib */,
				2C0CD0E4162CD3D9001010E1 /* Supporting Files */,
				2C435665162FAE380036B4AE /* Browser.mm */,
				2C435666162FAE380036B4AE /* Browser.h */,
			);
			path = Splits;
			sourceTree = "<group>";
		};
		2C0CD0E4162CD3D9001010E1 /* Supporting Files */ = {
			isa = PBXGroup;
			children = (
				2C0CD0E5162CD3D9001010E1 /* Splits-Info.plist */,
				2C0CD0E6162CD3D9001010E1 /* InfoPlist.strings */,
				2C0CD0E9162CD3D9001010E1 /* main.m */,
				2C0CD0EB162CD3D9001010E1 /* Splits-Prefix.pch */,
				2C0CD0EC162CD3D9001010E1 /* Credits.rtf */,
			);
			name = "Supporting Files";
			sourceTree = "<group>";
		};
		2C0CD100162CD3D9001010E1 /* SplitsTests */ = {
			isa = PBXGroup;
			children = (
				2C0CD106162CD3D9001010E1 /* SplitsTests.h */,
				2C0CD107162CD3D9001010E1 /* SplitsTests.m */,
				2C0CD101162CD3D9001010E1 /* Supporting Files */,
			);
			path = SplitsTests;
			sourceTree = "<group>";
		};
		2C0CD101162CD3D9001010E1 /* Supporting Files */ = {
			isa = PBXGroup;
			children = (
				2C0CD102162CD3D9001010E1 /* SplitsTests-Info.plist */,
				2C0CD103162CD3D9001010E1 /* InfoPlist.strings */,
			);
			name = "Supporting Files";
			sourceTree = "<group>";
		};
/* End PBXGroup section */

/* Begin PBXNativeTarget section */
		2C0CD0D8162CD3D9001010E1 /* Splits */ = {
			isa = PBXNativeTarget;
			buildConfigurationList = 2C0CD10B162CD3D9001010E1 /* Build configuration list for PBXNativeTarget "Splits" */;
			buildPhases = (
				2C0CD0D5162CD3D9001010E1 /* Sources */,
				2C0CD0D6162CD3D9001010E1 /* Frameworks */,
				2C0CD0D7162CD3D9001010E1 /* Resources */,
			);
			buildRules = (
			);
			dependencies = (
			);
			name = Splits;
			productName = Splits;
			productReference = 2C0CD0D9162CD3D9001010E1 /* Splits.app */;
			productType = "com.apple.product-type.application";
		};
		2C0CD0F9162CD3D9001010E1 /* SplitsTests */ = {
			isa = PBXNativeTarget;
			buildConfigurationList = 2C0CD10E162CD3D9001010E1 /* Build configuration list for PBXNativeTarget "SplitsTests" */;
			buildPhases = (
				2C0CD0F5162CD3D9001010E1 /* Sources */,
				2C0CD0F6162CD3D9001010E1 /* Frameworks */,
				2C0CD0F7162CD3D9001010E1 /* Resources */,
				2C0CD0F8162CD3D9001010E1 /* ShellScript */,
			);
			buildRules = (
			);
			dependencies = (
				2C0CD0FF162CD3D9001010E1 /* PBXTargetDependency */,
			);
			name = SplitsTests;
			productName = SplitsTests;
			productReference = 2C0CD0FA162CD3D9001010E1 /* SplitsTests.octest */;
			productType = "com.apple.product-type.bundle";
		};
/* End PBXNativeTarget section */

/* Begin PBXProject section */
		2C0CD0D0162CD3D9001010E1 /* Project object */ = {
			isa = PBXProject;
			attributes = {
				LastUpgradeCheck = 0450;
				ORGANIZATIONNAME = "Edward Waller";
			};
			buildConfigurationList = 2C0CD0D3162CD3D9001010E1 /* Build configuration list for PBXProject "Splits" */;
			compatibilityVersion = "Xcode 3.2";
			developmentRegion = English;
			hasScannedForEncodings = 0;
			knownRegions = (
				en,
			);
			mainGroup = 2C0CD0CE162CD3D9001010E1;
			productRefGroup = 2C0CD0DA162CD3D9001010E1 /* Products */;
			projectDirPath = "";
			projectRoot = "";
			targets = (
				2C0CD0D8162CD3D9001010E1 /* Splits */,
				2C0CD0F9162CD3D9001010E1 /* SplitsTests */,
			);
		};
/* End PBXProject section */

/* Begin PBXResourcesBuildPhase section */
		2C0CD0D7162CD3D9001010E1 /* Resources */ = {
			isa = PBXResourcesBuildPhase;
			buildActionMask = 2147483647;
			files = (
				2C0CD0E8162CD3D9001010E1 /* InfoPlist.strings in Resources */,
				2C0CD0EE162CD3D9001010E1 /* Credits.rtf in Resources */,
				2C0CD0F4162CD3D9001010E1 /* MainMenu.xib in Resources */,
			);
			runOnlyForDeploymentPostprocessing = 0;
		};
		2C0CD0F7162CD3D9001010E1 /* Resources */ = {
			isa = PBXResourcesBuildPhase;
			buildActionMask = 2147483647;
			files = (
				2C0CD105162CD3D9001010E1 /* InfoPlist.strings in Resources */,
			);
			runOnlyForDeploymentPostprocessing = 0;
		};
/* End PBXResourcesBuildPhase section */

/* Begin PBXShellScriptBuildPhase section */
		2C0CD0F8162CD3D9001010E1 /* ShellScript */ = {
			isa = PBXShellScriptBuildPhase;
			buildActionMask = 2147483647;
			files = (
			);
			inputPaths = (
			);
			outputPaths = (
			);
			runOnlyForDeploymentPostprocessing = 0;
			shellPath = /bin/sh;
			shellScript = "# Run the unit tests in this test bundle.\n\"${SYSTEM_DEVELOPER_DIR}/Tools/RunUnitTests\"\n";
		};
/* End PBXShellScriptBuildPhase section */

/* Begin PBXSourcesBuildPhase section */
		2C0CD0D5162CD3D9001010E1 /* Sources */ = {
			isa = PBXSourcesBuildPhase;
			buildActionMask = 2147483647;
			files = (
				2C0CD0EA162CD3D9001010E1 /* main.m in Sources */,
				2C0CD0F1162CD3D9001010E1 /* AppDelegate.mm in Sources */,
				2C435667162FAE380036B4AE /* Browser.mm in Sources */,
			);
			runOnlyForDeploymentPostprocessing = 0;
		};
		2C0CD0F5162CD3D9001010E1 /* Sources */ = {
			isa = PBXSourcesBuildPhase;
			buildActionMask = 2147483647;
			files = (
				2C0CD108162CD3D9001010E1 /* SplitsTests.m in Sources */,
			);
			runOnlyForDeploymentPostprocessing = 0;
		};
/* End PBXSourcesBuildPhase section */

/* Begin PBXTargetDependency section */
		2C0CD0FF162CD3D9001010E1 /* PBXTargetDependency */ = {
			isa = PBXTargetDependency;
			target = 2C0CD0D8162CD3D9001010E1 /* Splits */;
			targetProxy = 2C0CD0FE162CD3D9001010E1 /* PBXContainerItemProxy */;
		};
/* End PBXTargetDependency section */

/* Begin PBXVariantGroup section */
		2C0CD0E6162CD3D9001010E1 /* InfoPlist.strings */ = {
			isa = PBXVariantGroup;
			children = (
				2C0CD0E7162CD3D9001010E1 /* en */,
			);
			name = InfoPlist.strings;
			sourceTree = "<group>";
		};
		2C0CD0EC162CD3D9001010E1 /* Credits.rtf */ = {
			isa = PBXVariantGroup;
			children = (
				2C0CD0ED162CD3D9001010E1 /* en */,
			);
			name = Credits.rtf;
			sourceTree = "<group>";
		};
		2C0CD0F2162CD3D9001010E1 /* MainMenu.xib */ = {
			isa = PBXVariantGroup;
			children = (
				2C0CD0F3162CD3D9001010E1 /* en */,
			);
			name = MainMenu.xib;
			sourceTree = "<group>";
		};
		2C0CD103162CD3D9001010E1 /* InfoPlist.strings */ = {
			isa = PBXVariantGroup;
			children = (
				2C0CD104162CD3D9001010E1 /* en */,
			);
			name = InfoPlist.strings;
			sourceTree = "<group>";
		};
/* End PBXVariantGroup section */

/* Begin XCBuildConfiguration section */
		2C0CD109162CD3D9001010E1 /* Debug */ = {
			isa = XCBuildConfiguration;
			buildSettings = {
				ALWAYS_SEARCH_USER_PATHS = NO;
				ARCHS = "$(ARCHS_STANDARD_64_BIT)";
				CLANG_CXX_LANGUAGE_STANDARD = "gnu++0x";
				CLANG_CXX_LIBRARY = "libc++";
				CLANG_WARN_EMPTY_BODY = YES;
				CLANG_WARN__DUPLICATE_METHOD_MATCH = YES;
				COPY_PHASE_STRIP = NO;
				GCC_C_LANGUAGE_STANDARD = gnu99;
				GCC_DYNAMIC_NO_PIC = NO;
				GCC_ENABLE_OBJC_EXCEPTIONS = YES;
				GCC_OPTIMIZATION_LEVEL = 0;
				GCC_PREPROCESSOR_DEFINITIONS = (
					"DEBUG=1",
					"$(inherited)",
				);
				GCC_SYMBOLS_PRIVATE_EXTERN = NO;
				GCC_WARN_64_TO_32_BIT_CONVERSION = YES;
				GCC_WARN_ABOUT_RETURN_TYPE = YES;
				GCC_WARN_UNINITIALIZED_AUTOS = YES;
				GCC_WARN_UNUSED_VARIABLE = YES;
				MACOSX_DEPLOYMENT_TARGET = 10.8;
				ONLY_ACTIVE_ARCH = YES;
				SDKROOT = macosx;
			};
			name = Debug;
		};
		2C0CD10A162CD3D9001010E1 /* Release */ = {
			isa = XCBuildConfiguration;
			buildSettings = {
				ALWAYS_SEARCH_USER_PATHS = NO;
				ARCHS = "$(ARCHS_STANDARD_64_BIT)";
				CLANG_CXX_LANGUAGE_STANDARD = "gnu++0x";
				CLANG_CXX_LIBRARY = "libc++";
				CLANG_WARN_EMPTY_BODY = YES;
				CLANG_WARN__DUPLICATE_METHOD_MATCH = YES;
				COPY_PHASE_STRIP = YES;
				DEBUG_INFORMATION_FORMAT = "dwarf-with-dsym";
				GCC_C_LANGUAGE_STANDARD = gnu99;
				GCC_ENABLE_OBJC_EXCEPTIONS = YES;
				GCC_WARN_64_TO_32_BIT_CONVERSION = YES;
				GCC_WARN_ABOUT_RETURN_TYPE = YES;
				GCC_WARN_UNINITIALIZED_AUTOS = YES;
				GCC_WARN_UNUSED_VARIABLE = YES;
				MACOSX_DEPLOYMENT_TARGET = 10.8;
				SDKROOT = macosx;
			};
			name = Release;
		};
		2C0CD10C162CD3D9001010E1 /* Debug */ = {
			isa = XCBuildConfiguration;
			buildSettings = {
				ALWAYS_SEARCH_USER_PATHS = YES;
				COMBINE_HIDPI_IMAGES = YES;
				GCC_PRECOMPILE_PREFIX_HEADER = YES;
				GCC_PREFIX_HEADER = "Splits/Splits-Prefix.pch";
				HEADER_SEARCH_PATHS = "";
				INFOPLIST_FILE = "Splits/Splits-Info.plist";
				LIBRARY_SEARCH_PATHS = (
					"$(inherited)",
					"\"$(SRCROOT)/../../../Library/Developer/Xcode/DerivedData/Splits-glaqgmgswckwxydbllhghfplwxxy/Build/Products/Debug\"",
					"\"$(SRCROOT)/../../../../Library/Developer/Xcode/DerivedData/Splits-hjepgkssfgwfdqfmkdvuxhrahsvs/Build/Products/Debug\"",
					"\"$(SRCROOT)\"",
				);
				PRODUCT_NAME = "$(TARGET_NAME)";
				USER_HEADER_SEARCH_PATHS = "\"$(PROJECT_DIR)/..";
				WRAPPER_EXTENSION = app;
			};
			name = Debug;
		};
		2C0CD10D162CD3D9001010E1 /* Release */ = {
			isa = XCBuildConfiguration;
			buildSettings = {
				ALWAYS_SEARCH_USER_PATHS = YES;
				COMBINE_HIDPI_IMAGES = YES;
				GCC_PRECOMPILE_PREFIX_HEADER = YES;
				GCC_PREFIX_HEADER = "Splits/Splits-Prefix.pch";
				HEADER_SEARCH_PATHS = "";
				INFOPLIST_FILE = "Splits/Splits-Info.plist";
				LIBRARY_SEARCH_PATHS = (
					"$(inherited)",
					"\"$(SRCROOT)/../../../Library/Developer/Xcode/DerivedData/Splits-glaqgmgswckwxydbllhghfplwxxy/Build/Products/Debug\"",
					"\"$(SRCROOT)/../../../../Library/Developer/Xcode/DerivedData/Splits-hjepgkssfgwfdqfmkdvuxhrahsvs/Build/Products/Debug\"",
					"\"$(SRCROOT)\"",
				);
				PRODUCT_NAME = "$(TARGET_NAME)";
				USER_HEADER_SEARCH_PATHS = "\"$(PROJECT_DIR)/..";
				WRAPPER_EXTENSION = app;
			};
			name = Release;
		};
		2C0CD10F162CD3D9001010E1 /* Debug */ = {
			isa = XCBuildConfiguration;
			buildSettings = {
				BUNDLE_LOADER = "$(BUILT_PRODUCTS_DIR)/Splits.app/Contents/MacOS/Splits";
				COMBINE_HIDPI_IMAGES = YES;
				FRAMEWORK_SEARCH_PATHS = "\"$(DEVELOPER_LIBRARY_DIR)/Frameworks\"";
				GCC_PRECOMPILE_PREFIX_HEADER = YES;
				GCC_PREFIX_HEADER = "Splits/Splits-Prefix.pch";
				INFOPLIST_FILE = "SplitsTests/SplitsTests-Info.plist";
				PRODUCT_NAME = "$(TARGET_NAME)";
				TEST_HOST = "$(BUNDLE_LOADER)";
				WRAPPER_EXTENSION = octest;
			};
			name = Debug;
		};
		2C0CD110162CD3D9001010E1 /* Release */ = {
			isa = XCBuildConfiguration;
			buildSettings = {
				BUNDLE_LOADER = "$(BUILT_PRODUCTS_DIR)/Splits.app/Contents/MacOS/Splits";
				COMBINE_HIDPI_IMAGES = YES;
				FRAMEWORK_SEARCH_PATHS = "\"$(DEVELOPER_LIBRARY_DIR)/Frameworks\"";
				GCC_PRECOMPILE_PREFIX_HEADER = YES;
				GCC_PREFIX_HEADER = "Splits/Splits-Prefix.pch";
				INFOPLIST_FILE = "SplitsTests/SplitsTests-Info.plist";
				PRODUCT_NAME = "$(TARGET_NAME)";
				TEST_HOST = "$(BUNDLE_LOADER)";
				WRAPPER_EXTENSION = octest;
			};
			name = Release;
		};
/* End XCBuildConfiguration section */

/* Begin XCConfigurationList section */
		2C0CD0D3162CD3D9001010E1 /* Build configuration list for PBXProject "Splits" */ = {
			isa = XCConfigurationList;
			buildConfigurations = (
				2C0CD109162CD3D9001010E1 /* Debug */,
				2C0CD10A162CD3D9001010E1 /* Release */,
			);
			defaultConfigurationIsVisible = 0;
			defaultConfigurationName = Release;
		};
		2C0CD10B162CD3D9001010E1 /* Build configuration list for PBXNativeTarget "Splits" */ = {
			isa = XCConfigurationList;
			buildConfigurations = (
				2C0CD10C162CD3D9001010E1 /* Debug */,
				2C0CD10D162CD3D9001010E1 /* Release */,
			);
			defaultConfigurationIsVisible = 0;
			defaultConfigurationName = Release;
		};
		2C0CD10E162CD3D9001010E1 /* Build configuration list for PBXNativeTarget "SplitsTests" */ = {
			isa = XCConfigurationList;
			buildConfigurations = (
				2C0CD10F162CD3D9001010E1 /* Debug */,
				2C0CD110162CD3D9001010E1 /* Release */,
			);
			defaultConfigurationIsVisible = 0;
			defaultConfigurationName = Release;
		};
/* End XCConfigurationList section */
	};
	rootObject = 2C0CD0D0162CD3D9001010E1 /* Project object */;
}
